// !$*UTF8*$!
{
	archiveVersion = 1;
	classes = {
	};
	objectVersion = 46;
	objects = {

/* Begin PBXBuildFile section */
		2A3516DD9166336D042488B2 /* Pods_ZaragozaBusInfoTests.framework in Frameworks */ = {isa = PBXBuildFile; fileRef = 0ACEF0349A85EFCBBE6916C0 /* Pods_ZaragozaBusInfoTests.framework */; };
		2C27D9371D7B0A4B009E45FF /* BusInfosTableViewController.swift in Sources */ = {isa = PBXBuildFile; fileRef = 2C27D9361D7B0A4B009E45FF /* BusInfosTableViewController.swift */; };
		2C27D9391D7B0A55009E45FF /* BusInfoTableViewCell.swift in Sources */ = {isa = PBXBuildFile; fileRef = 2C27D9381D7B0A55009E45FF /* BusInfoTableViewCell.swift */; };
		2C27D93B1D7B0A6B009E45FF /* BusInfoModel.swift in Sources */ = {isa = PBXBuildFile; fileRef = 2C27D93A1D7B0A6B009E45FF /* BusInfoModel.swift */; };
		2C27D93F1D7B0AF2009E45FF /* NetworkManager.swift in Sources */ = {isa = PBXBuildFile; fileRef = 2C27D93E1D7B0AF2009E45FF /* NetworkManager.swift */; };
		2C27D9411D7B0B56009E45FF /* MappableBusInfo.swift in Sources */ = {isa = PBXBuildFile; fileRef = 2C27D9401D7B0B56009E45FF /* MappableBusInfo.swift */; };
		2C6B94731D7A1B1400B8E0E0 /* AppDelegate.swift in Sources */ = {isa = PBXBuildFile; fileRef = 2C6B94721D7A1B1400B8E0E0 /* AppDelegate.swift */; };
		2C6B94781D7A1B1400B8E0E0 /* Main.storyboard in Resources */ = {isa = PBXBuildFile; fileRef = 2C6B94761D7A1B1400B8E0E0 /* Main.storyboard */; };
		2C6B947A1D7A1B1400B8E0E0 /* Assets.xcassets in Resources */ = {isa = PBXBuildFile; fileRef = 2C6B94791D7A1B1400B8E0E0 /* Assets.xcassets */; };
		2C6B947D1D7A1B1400B8E0E0 /* LaunchScreen.storyboard in Resources */ = {isa = PBXBuildFile; fileRef = 2C6B947B1D7A1B1400B8E0E0 /* LaunchScreen.storyboard */; };
		2C6B94881D7A1B1400B8E0E0 /* ZaragozaBusInfoTests.swift in Sources */ = {isa = PBXBuildFile; fileRef = 2C6B94871D7A1B1400B8E0E0 /* ZaragozaBusInfoTests.swift */; };
		D0C6547D2AD0BC2F9AD8DBCA /* Pods_ZaragozaBusInfo.framework in Frameworks */ = {isa = PBXBuildFile; fileRef = 0D0E5D3071B1A99A65009533 /* Pods_ZaragozaBusInfo.framework */; };
/* End PBXBuildFile section */

/* Begin PBXContainerItemProxy section */
		2C6B94841D7A1B1400B8E0E0 /* PBXContainerItemProxy */ = {
			isa = PBXContainerItemProxy;
			containerPortal = 2C6B94671D7A1B1400B8E0E0 /* Project object */;
			proxyType = 1;
			remoteGlobalIDString = 2C6B946E1D7A1B1400B8E0E0;
			remoteInfo = ZaragozaBusInfo;
		};
/* End PBXContainerItemProxy section */

/* Begin PBXFileReference section */
		0ACEF0349A85EFCBBE6916C0 /* Pods_ZaragozaBusInfoTests.framework */ = {isa = PBXFileReference; explicitFileType = wrapper.framework; includeInIndex = 0; path = Pods_ZaragozaBusInfoTests.framework; sourceTree = BUILT_PRODUCTS_DIR; };
		0D0E5D3071B1A99A65009533 /* Pods_ZaragozaBusInfo.framework */ = {isa = PBXFileReference; explicitFileType = wrapper.framework; includeInIndex = 0; path = Pods_ZaragozaBusInfo.framework; sourceTree = BUILT_PRODUCTS_DIR; };
		2C27D9361D7B0A4B009E45FF /* BusInfosTableViewController.swift */ = {isa = PBXFileReference; fileEncoding = 4; lastKnownFileType = sourcecode.swift; path = BusInfosTableViewController.swift; sourceTree = "<group>"; };
		2C27D9381D7B0A55009E45FF /* BusInfoTableViewCell.swift */ = {isa = PBXFileReference; fileEncoding = 4; lastKnownFileType = sourcecode.swift; path = BusInfoTableViewCell.swift; sourceTree = "<group>"; };
		2C27D93A1D7B0A6B009E45FF /* BusInfoModel.swift */ = {isa = PBXFileReference; fileEncoding = 4; lastKnownFileType = sourcecode.swift; path = BusInfoModel.swift; sourceTree = "<group>"; };
		2C27D93E1D7B0AF2009E45FF /* NetworkManager.swift */ = {isa = PBXFileReference; fileEncoding = 4; lastKnownFileType = sourcecode.swift; path = NetworkManager.swift; sourceTree = "<group>"; };
		2C27D9401D7B0B56009E45FF /* MappableBusInfo.swift */ = {isa = PBXFileReference; fileEncoding = 4; lastKnownFileType = sourcecode.swift; path = MappableBusInfo.swift; sourceTree = "<group>"; };
		2C6B946F1D7A1B1400B8E0E0 /* ZaragozaBusInfo.app */ = {isa = PBXFileReference; explicitFileType = wrapper.application; includeInIndex = 0; path = ZaragozaBusInfo.app; sourceTree = BUILT_PRODUCTS_DIR; };
		2C6B94721D7A1B1400B8E0E0 /* AppDelegate.swift */ = {isa = PBXFileReference; lastKnownFileType = sourcecode.swift; path = AppDelegate.swift; sourceTree = "<group>"; };
		2C6B94771D7A1B1400B8E0E0 /* Base */ = {isa = PBXFileReference; lastKnownFileType = file.storyboard; name = Base; path = Base.lproj/Main.storyboard; sourceTree = "<group>"; };
		2C6B94791D7A1B1400B8E0E0 /* Assets.xcassets */ = {isa = PBXFileReference; lastKnownFileType = folder.assetcatalog; path = Assets.xcassets; sourceTree = "<group>"; };
		2C6B947C1D7A1B1400B8E0E0 /* Base */ = {isa = PBXFileReference; lastKnownFileType = file.storyboard; name = Base; path = Base.lproj/LaunchScreen.storyboard; sourceTree = "<group>"; };
		2C6B947E1D7A1B1400B8E0E0 /* Info.plist */ = {isa = PBXFileReference; lastKnownFileType = text.plist.xml; path = Info.plist; sourceTree = "<group>"; };
		2C6B94831D7A1B1400B8E0E0 /* ZaragozaBusInfoTests.xctest */ = {isa = PBXFileReference; explicitFileType = wrapper.cfbundle; includeInIndex = 0; path = ZaragozaBusInfoTests.xctest; sourceTree = BUILT_PRODUCTS_DIR; };
		2C6B94871D7A1B1400B8E0E0 /* ZaragozaBusInfoTests.swift */ = {isa = PBXFileReference; lastKnownFileType = sourcecode.swift; path = ZaragozaBusInfoTests.swift; sourceTree = "<group>"; };
		2C6B94891D7A1B1400B8E0E0 /* Info.plist */ = {isa = PBXFileReference; lastKnownFileType = text.plist.xml; path = Info.plist; sourceTree = "<group>"; };
		34DED598B777BE21720F26A4 /* Pods-ZaragozaBusInfoTests.debug.xcconfig */ = {isa = PBXFileReference; includeInIndex = 1; lastKnownFileType = text.xcconfig; name = "Pods-ZaragozaBusInfoTests.debug.xcconfig"; path = "Pods/Target Support Files/Pods-ZaragozaBusInfoTests/Pods-ZaragozaBusInfoTests.debug.xcconfig"; sourceTree = "<group>"; };
		47922DDC72EAAEB877D1F708 /* Pods-ZaragozaBusInfo.release.xcconfig */ = {isa = PBXFileReference; includeInIndex = 1; lastKnownFileType = text.xcconfig; name = "Pods-ZaragozaBusInfo.release.xcconfig"; path = "Pods/Target Support Files/Pods-ZaragozaBusInfo/Pods-ZaragozaBusInfo.release.xcconfig"; sourceTree = "<group>"; };
		6621676838C51202E2D189B7 /* Pods-ZaragozaBusInfo.debug.xcconfig */ = {isa = PBXFileReference; includeInIndex = 1; lastKnownFileType = text.xcconfig; name = "Pods-ZaragozaBusInfo.debug.xcconfig"; path = "Pods/Target Support Files/Pods-ZaragozaBusInfo/Pods-ZaragozaBusInfo.debug.xcconfig"; sourceTree = "<group>"; };
		CF6B4833A535AB25C205D1FB /* Pods-ZaragozaBusInfoTests.release.xcconfig */ = {isa = PBXFileReference; includeInIndex = 1; lastKnownFileType = text.xcconfig; name = "Pods-ZaragozaBusInfoTests.release.xcconfig"; path = "Pods/Target Support Files/Pods-ZaragozaBusInfoTests/Pods-ZaragozaBusInfoTests.release.xcconfig"; sourceTree = "<group>"; };
/* End PBXFileReference section */

/* Begin PBXFrameworksBuildPhase section */
		2C6B946C1D7A1B1400B8E0E0 /* Frameworks */ = {
			isa = PBXFrameworksBuildPhase;
			buildActionMask = 2147483647;
			files = (
				D0C6547D2AD0BC2F9AD8DBCA /* Pods_ZaragozaBusInfo.framework in Frameworks */,
			);
			runOnlyForDeploymentPostprocessing = 0;
		};
		2C6B94801D7A1B1400B8E0E0 /* Frameworks */ = {
			isa = PBXFrameworksBuildPhase;
			buildActionMask = 2147483647;
			files = (
				2A3516DD9166336D042488B2 /* Pods_ZaragozaBusInfoTests.framework in Frameworks */,
			);
			runOnlyForDeploymentPostprocessing = 0;
		};
/* End PBXFrameworksBuildPhase section */

/* Begin PBXGroup section */
		2C27D9301D7B0A20009E45FF /* Views */ = {
			isa = PBXGroup;
			children = (
				2C27D9361D7B0A4B009E45FF /* BusInfosTableViewController.swift */,
				2C27D9381D7B0A55009E45FF /* BusInfoTableViewCell.swift */,
			);
			path = Views;
			sourceTree = "<group>";
		};
		2C27D9311D7B0A20009E45FF /* Services */ = {
			isa = PBXGroup;
			children = (
				2C27D93C1D7B0AD0009E45FF /* Network */,
			);
			path = Services;
			sourceTree = "<group>";
		};
		2C27D9321D7B0A20009E45FF /* Model */ = {
			isa = PBXGroup;
			children = (
				2C27D93A1D7B0A6B009E45FF /* BusInfoModel.swift */,
			);
			path = Model;
			sourceTree = "<group>";
		};
		2C27D9331D7B0A20009E45FF /* Controller */ = {
			isa = PBXGroup;
			children = (
			);
			path = Controller;
			sourceTree = "<group>";
		};
		2C27D93C1D7B0AD0009E45FF /* Network */ = {
			isa = PBXGroup;
			children = (
				2C27D93E1D7B0AF2009E45FF /* NetworkManager.swift */,
				2C27D93D1D7B0AD0009E45FF /* Model */,
			);
			path = Network;
			sourceTree = "<group>";
		};
		2C27D93D1D7B0AD0009E45FF /* Model */ = {
			isa = PBXGroup;
			children = (
				2C27D9401D7B0B56009E45FF /* MappableBusInfo.swift */,
			);
			path = Model;
			sourceTree = "<group>";
		};
		2C6B94661D7A1B1400B8E0E0 = {
			isa = PBXGroup;
			children = (
				2C6B94711D7A1B1400B8E0E0 /* ZaragozaBusInfo */,
				2C6B94861D7A1B1400B8E0E0 /* ZaragozaBusInfoTests */,
				2C6B94701D7A1B1400B8E0E0 /* Products */,
				6232388C34F5354F12CC3493 /* Pods */,
				8F45E294A2DA664489F02840 /* Frameworks */,
			);
			sourceTree = "<group>";
		};
		2C6B94701D7A1B1400B8E0E0 /* Products */ = {
			isa = PBXGroup;
			children = (
				2C6B946F1D7A1B1400B8E0E0 /* ZaragozaBusInfo.app */,
				2C6B94831D7A1B1400B8E0E0 /* ZaragozaBusInfoTests.xctest */,
			);
			name = Products;
			sourceTree = "<group>";
		};
		2C6B94711D7A1B1400B8E0E0 /* ZaragozaBusInfo */ = {
			isa = PBXGroup;
			children = (
				2C27D9321D7B0A20009E45FF /* Model */,
				2C27D9301D7B0A20009E45FF /* Views */,
				2C27D9331D7B0A20009E45FF /* Controller */,
				2C27D9311D7B0A20009E45FF /* Services */,
				2C6B94721D7A1B1400B8E0E0 /* AppDelegate.swift */,
				2C6B94761D7A1B1400B8E0E0 /* Main.storyboard */,
				2C6B94791D7A1B1400B8E0E0 /* Assets.xcassets */,
				2C6B947B1D7A1B1400B8E0E0 /* LaunchScreen.storyboard */,
				2C6B947E1D7A1B1400B8E0E0 /* Info.plist */,
			);
			path = ZaragozaBusInfo;
			sourceTree = "<group>";
		};
		2C6B94861D7A1B1400B8E0E0 /* ZaragozaBusInfoTests */ = {
			isa = PBXGroup;
			children = (
				2C6B94871D7A1B1400B8E0E0 /* ZaragozaBusInfoTests.swift */,
				2C6B94891D7A1B1400B8E0E0 /* Info.plist */,
			);
			path = ZaragozaBusInfoTests;
			sourceTree = "<group>";
		};
		6232388C34F5354F12CC3493 /* Pods */ = {
			isa = PBXGroup;
			children = (
				6621676838C51202E2D189B7 /* Pods-ZaragozaBusInfo.debug.xcconfig */,
				47922DDC72EAAEB877D1F708 /* Pods-ZaragozaBusInfo.release.xcconfig */,
				34DED598B777BE21720F26A4 /* Pods-ZaragozaBusInfoTests.debug.xcconfig */,
				CF6B4833A535AB25C205D1FB /* Pods-ZaragozaBusInfoTests.release.xcconfig */,
			);
			name = Pods;
			sourceTree = "<group>";
		};
		8F45E294A2DA664489F02840 /* Frameworks */ = {
			isa = PBXGroup;
			children = (
				0D0E5D3071B1A99A65009533 /* Pods_ZaragozaBusInfo.framework */,
				0ACEF0349A85EFCBBE6916C0 /* Pods_ZaragozaBusInfoTests.framework */,
			);
			name = Frameworks;
			sourceTree = "<group>";
		};
/* End PBXGroup section */

/* Begin PBXNativeTarget section */
		2C6B946E1D7A1B1400B8E0E0 /* ZaragozaBusInfo */ = {
			isa = PBXNativeTarget;
			buildConfigurationList = 2C6B948C1D7A1B1400B8E0E0 /* Build configuration list for PBXNativeTarget "ZaragozaBusInfo" */;
			buildPhases = (
				FFD0A926FA2B9F2BB928C81A /* [CP] Check Pods Manifest.lock */,
				2C6B946B1D7A1B1400B8E0E0 /* Sources */,
				2C6B946C1D7A1B1400B8E0E0 /* Frameworks */,
				2C6B946D1D7A1B1400B8E0E0 /* Resources */,
				EBABD826AAA6D548C6EE25E2 /* [CP] Embed Pods Frameworks */,
				1033991344D1B0689F0149DB /* [CP] Copy Pods Resources */,
			);
			buildRules = (
			);
			dependencies = (
			);
			name = ZaragozaBusInfo;
			productName = ZaragozaBusInfo;
			productReference = 2C6B946F1D7A1B1400B8E0E0 /* ZaragozaBusInfo.app */;
			productType = "com.apple.product-type.application";
		};
		2C6B94821D7A1B1400B8E0E0 /* ZaragozaBusInfoTests */ = {
			isa = PBXNativeTarget;
			buildConfigurationList = 2C6B948F1D7A1B1400B8E0E0 /* Build configuration list for PBXNativeTarget "ZaragozaBusInfoTests" */;
			buildPhases = (
				A8711DC5ECE5AEC285463632 /* [CP] Check Pods Manifest.lock */,
				2C6B947F1D7A1B1400B8E0E0 /* Sources */,
				2C6B94801D7A1B1400B8E0E0 /* Frameworks */,
				2C6B94811D7A1B1400B8E0E0 /* Resources */,
				CA108A11964C466DED252AD9 /* [CP] Embed Pods Frameworks */,
				9E05803CEAEB7DEF6B0B0A3F /* [CP] Copy Pods Resources */,
			);
			buildRules = (
			);
			dependencies = (
				2C6B94851D7A1B1400B8E0E0 /* PBXTargetDependency */,
			);
			name = ZaragozaBusInfoTests;
			productName = ZaragozaBusInfoTests;
			productReference = 2C6B94831D7A1B1400B8E0E0 /* ZaragozaBusInfoTests.xctest */;
			productType = "com.apple.product-type.bundle.unit-test";
		};
/* End PBXNativeTarget section */

/* Begin PBXProject section */
		2C6B94671D7A1B1400B8E0E0 /* Project object */ = {
			isa = PBXProject;
			attributes = {
				LastSwiftUpdateCheck = 0730;
				LastUpgradeCheck = 0730;
				ORGANIZATIONNAME = Conichi;
				TargetAttributes = {
					2C6B946E1D7A1B1400B8E0E0 = {
						CreatedOnToolsVersion = 7.3.1;
					};
					2C6B94821D7A1B1400B8E0E0 = {
						CreatedOnToolsVersion = 7.3.1;
						TestTargetID = 2C6B946E1D7A1B1400B8E0E0;
					};
				};
			};
			buildConfigurationList = 2C6B946A1D7A1B1400B8E0E0 /* Build configuration list for PBXProject "ZaragozaBusInfo" */;
			compatibilityVersion = "Xcode 3.2";
			developmentRegion = English;
			hasScannedForEncodings = 0;
			knownRegions = (
				en,
				Base,
			);
			mainGroup = 2C6B94661D7A1B1400B8E0E0;
			productRefGroup = 2C6B94701D7A1B1400B8E0E0 /* Products */;
			projectDirPath = "";
			projectRoot = "";
			targets = (
				2C6B946E1D7A1B1400B8E0E0 /* ZaragozaBusInfo */,
				2C6B94821D7A1B1400B8E0E0 /* ZaragozaBusInfoTests */,
			);
		};
/* End PBXProject section */

/* Begin PBXResourcesBuildPhase section */
		2C6B946D1D7A1B1400B8E0E0 /* Resources */ = {
			isa = PBXResourcesBuildPhase;
			buildActionMask = 2147483647;
			files = (
				2C6B947D1D7A1B1400B8E0E0 /* LaunchScreen.storyboard in Resources */,
				2C6B947A1D7A1B1400B8E0E0 /* Assets.xcassets in Resources */,
				2C6B94781D7A1B1400B8E0E0 /* Main.storyboard in Resources */,
			);
			runOnlyForDeploymentPostprocessing = 0;
		};
		2C6B94811D7A1B1400B8E0E0 /* Resources */ = {
			isa = PBXResourcesBuildPhase;
			buildActionMask = 2147483647;
			files = (
			);
			runOnlyForDeploymentPostprocessing = 0;
		};
/* End PBXResourcesBuildPhase section */

/* Begin PBXShellScriptBuildPhase section */
		1033991344D1B0689F0149DB /* [CP] Copy Pods Resources */ = {
			isa = PBXShellScriptBuildPhase;
			buildActionMask = 2147483647;
			files = (
			);
			inputPaths = (
			);
			name = "[CP] Copy Pods Resources";
			outputPaths = (
			);
			runOnlyForDeploymentPostprocessing = 0;
			shellPath = /bin/sh;
			shellScript = "\"${SRCROOT}/Pods/Target Support Files/Pods-ZaragozaBusInfo/Pods-ZaragozaBusInfo-resources.sh\"\n";
			showEnvVarsInLog = 0;
		};
		9E05803CEAEB7DEF6B0B0A3F /* [CP] Copy Pods Resources */ = {
			isa = PBXShellScriptBuildPhase;
			buildActionMask = 2147483647;
			files = (
			);
			inputPaths = (
			);
			name = "[CP] Copy Pods Resources";
			outputPaths = (
			);
			runOnlyForDeploymentPostprocessing = 0;
			shellPath = /bin/sh;
			shellScript = "\"${SRCROOT}/Pods/Target Support Files/Pods-ZaragozaBusInfoTests/Pods-ZaragozaBusInfoTests-resources.sh\"\n";
			showEnvVarsInLog = 0;
		};
		A8711DC5ECE5AEC285463632 /* [CP] Check Pods Manifest.lock */ = {
			isa = PBXShellScriptBuildPhase;
			buildActionMask = 2147483647;
			files = (
			);
			inputPaths = (
			);
			name = "[CP] Check Pods Manifest.lock";
			outputPaths = (
			);
			runOnlyForDeploymentPostprocessing = 0;
			shellPath = /bin/sh;
			shellScript = "diff \"${PODS_ROOT}/../Podfile.lock\" \"${PODS_ROOT}/Manifest.lock\" > /dev/null\nif [[ $? != 0 ]] ; then\n    cat << EOM\nerror: The sandbox is not in sync with the Podfile.lock. Run 'pod install' or update your CocoaPods installation.\nEOM\n    exit 1\nfi\n";
			showEnvVarsInLog = 0;
		};
		CA108A11964C466DED252AD9 /* [CP] Embed Pods Frameworks */ = {
			isa = PBXShellScriptBuildPhase;
			buildActionMask = 2147483647;
			files = (
			);
			inputPaths = (
			);
			name = "[CP] Embed Pods Frameworks";
			outputPaths = (
			);
			runOnlyForDeploymentPostprocessing = 0;
			shellPath = /bin/sh;
			shellScript = "\"${SRCROOT}/Pods/Target Support Files/Pods-ZaragozaBusInfoTests/Pods-ZaragozaBusInfoTests-frameworks.sh\"\n";
			showEnvVarsInLog = 0;
		};
		EBABD826AAA6D548C6EE25E2 /* [CP] Embed Pods Frameworks */ = {
			isa = PBXShellScriptBuildPhase;
			buildActionMask = 2147483647;
			files = (
			);
			inputPaths = (
			);
			name = "[CP] Embed Pods Frameworks";
			outputPaths = (
			);
			runOnlyForDeploymentPostprocessing = 0;
			shellPath = /bin/sh;
			shellScript = "\"${SRCROOT}/Pods/Target Support Files/Pods-ZaragozaBusInfo/Pods-ZaragozaBusInfo-frameworks.sh\"\n";
			showEnvVarsInLog = 0;
		};
		FFD0A926FA2B9F2BB928C81A /* [CP] Check Pods Manifest.lock */ = {
			isa = PBXShellScriptBuildPhase;
			buildActionMask = 2147483647;
			files = (
			);
			inputPaths = (
			);
			name = "[CP] Check Pods Manifest.lock";
			outputPaths = (
			);
			runOnlyForDeploymentPostprocessing = 0;
			shellPath = /bin/sh;
			shellScript = "diff \"${PODS_ROOT}/../Podfile.lock\" \"${PODS_ROOT}/Manifest.lock\" > /dev/null\nif [[ $? != 0 ]] ; then\n    cat << EOM\nerror: The sandbox is not in sync with the Podfile.lock. Run 'pod install' or update your CocoaPods installation.\nEOM\n    exit 1\nfi\n";
			showEnvVarsInLog = 0;
		};
/* End PBXShellScriptBuildPhase section */

/* Begin PBXSourcesBuildPhase section */
		2C6B946B1D7A1B1400B8E0E0 /* Sources */ = {
			isa = PBXSourcesBuildPhase;
			buildActionMask = 2147483647;
			files = (
				2C27D9411D7B0B56009E45FF /* MappableBusInfo.swift in Sources */,
				2C27D93B1D7B0A6B009E45FF /* BusInfoModel.swift in Sources */,
				2C27D9371D7B0A4B009E45FF /* BusInfosTableViewController.swift in Sources */,
				2C27D93F1D7B0AF2009E45FF /* NetworkManager.swift in Sources */,
				2C6B94731D7A1B1400B8E0E0 /* AppDelegate.swift in Sources */,
				2C27D9391D7B0A55009E45FF /* BusInfoTableViewCell.swift in Sources */,
			);
			runOnlyForDeploymentPostprocessing = 0;
		};
		2C6B947F1D7A1B1400B8E0E0 /* Sources */ = {
			isa = PBXSourcesBuildPhase;
			buildActionMask = 2147483647;
			files = (
				2C6B94881D7A1B1400B8E0E0 /* ZaragozaBusInfoTests.swift in Sources */,
			);
			runOnlyForDeploymentPostprocessing = 0;
		};
/* End PBXSourcesBuildPhase section */

/* Begin PBXTargetDependency section */
		2C6B94851D7A1B1400B8E0E0 /* PBXTargetDependency */ = {
			isa = PBXTargetDependency;
			target = 2C6B946E1D7A1B1400B8E0E0 /* ZaragozaBusInfo */;
			targetProxy = 2C6B94841D7A1B1400B8E0E0 /* PBXContainerItemProxy */;
		};
/* End PBXTargetDependency section */

/* Begin PBXVariantGroup section */
		2C6B94761D7A1B1400B8E0E0 /* Main.storyboard */ = {
			isa = PBXVariantGroup;
			children = (
				2C6B94771D7A1B1400B8E0E0 /* Base */,
			);
			name = Main.storyboard;
			sourceTree = "<group>";
		};
		2C6B947B1D7A1B1400B8E0E0 /* LaunchScreen.storyboard */ = {
			isa = PBXVariantGroup;
			children = (
				2C6B947C1D7A1B1400B8E0E0 /* Base */,
			);
			name = LaunchScreen.storyboard;
			sourceTree = "<group>";
		};
/* End PBXVariantGroup section */

/* Begin XCBuildConfiguration section */
		2C6B948A1D7A1B1400B8E0E0 /* Debug */ = {
			isa = XCBuildConfiguration;
			buildSettings = {
				ALWAYS_SEARCH_USER_PATHS = NO;
				CLANG_ANALYZER_NONNULL = YES;
				CLANG_CXX_LANGUAGE_STANDARD = "gnu++0x";
				CLANG_CXX_LIBRARY = "libc++";
				CLANG_ENABLE_MODULES = YES;
				CLANG_ENABLE_OBJC_ARC = YES;
				CLANG_WARN_BOOL_CONVERSION = YES;
				CLANG_WARN_CONSTANT_CONVERSION = YES;
				CLANG_WARN_DIRECT_OBJC_ISA_USAGE = YES_ERROR;
				CLANG_WARN_EMPTY_BODY = YES;
				CLANG_WARN_ENUM_CONVERSION = YES;
				CLANG_WARN_INT_CONVERSION = YES;
				CLANG_WARN_OBJC_ROOT_CLASS = YES_ERROR;
				CLANG_WARN_UNREACHABLE_CODE = YES;
				CLANG_WARN__DUPLICATE_METHOD_MATCH = YES;
				"CODE_SIGN_IDENTITY[sdk=iphoneos*]" = "iPhone Developer";
				COPY_PHASE_STRIP = NO;
				DEBUG_INFORMATION_FORMAT = dwarf;
				ENABLE_STRICT_OBJC_MSGSEND = YES;
				ENABLE_TESTABILITY = YES;
				GCC_C_LANGUAGE_STANDARD = gnu99;
				GCC_DYNAMIC_NO_PIC = NO;
				GCC_NO_COMMON_BLOCKS = YES;
				GCC_OPTIMIZATION_LEVEL = 0;
				GCC_PREPROCESSOR_DEFINITIONS = (
					"DEBUG=1",
					"$(inherited)",
				);
				GCC_WARN_64_TO_32_BIT_CONVERSION = YES;
				GCC_WARN_ABOUT_RETURN_TYPE = YES_ERROR;
				GCC_WARN_UNDECLARED_SELECTOR = YES;
				GCC_WARN_UNINITIALIZED_AUTOS = YES_AGGRESSIVE;
				GCC_WARN_UNUSED_FUNCTION = YES;
				GCC_WARN_UNUSED_VARIABLE = YES;
				IPHONEOS_DEPLOYMENT_TARGET = 9.3;
				MTL_ENABLE_DEBUG_INFO = YES;
				ONLY_ACTIVE_ARCH = YES;
				SDKROOT = iphoneos;
				SWIFT_OPTIMIZATION_LEVEL = "-Onone";
				TARGETED_DEVICE_FAMILY = "1,2";
			};
			name = Debug;
		};
		2C6B948B1D7A1B1400B8E0E0 /* Release */ = {
			isa = XCBuildConfiguration;
			buildSettings = {
				ALWAYS_SEARCH_USER_PATHS = NO;
				CLANG_ANALYZER_NONNULL = YES;
				CLANG_CXX_LANGUAGE_STANDARD = "gnu++0x";
				CLANG_CXX_LIBRARY = "libc++";
				CLANG_ENABLE_MODULES = YES;
				CLANG_ENABLE_OBJC_ARC = YES;
				CLANG_WARN_BOOL_CONVERSION = YES;
				CLANG_WARN_CONSTANT_CONVERSION = YES;
				CLANG_WARN_DIRECT_OBJC_ISA_USAGE = YES_ERROR;
				CLANG_WARN_EMPTY_BODY = YES;
				CLANG_WARN_ENUM_CONVERSION = YES;
				CLANG_WARN_INT_CONVERSION = YES;
				CLANG_WARN_OBJC_ROOT_CLASS = YES_ERROR;
				CLANG_WARN_UNREACHABLE_CODE = YES;
				CLANG_WARN__DUPLICATE_METHOD_MATCH = YES;
				"CODE_SIGN_IDENTITY[sdk=iphoneos*]" = "iPhone Developer";
				COPY_PHASE_STRIP = NO;
				DEBUG_INFORMATION_FORMAT = "dwarf-with-dsym";
				ENABLE_NS_ASSERTIONS = NO;
				ENABLE_STRICT_OBJC_MSGSEND = YES;
				GCC_C_LANGUAGE_STANDARD = gnu99;
				GCC_NO_COMMON_BLOCKS = YES;
				GCC_WARN_64_TO_32_BIT_CONVERSION = YES;
				GCC_WARN_ABOUT_RETURN_TYPE = YES_ERROR;
				GCC_WARN_UNDECLARED_SELECTOR = YES;
				GCC_WARN_UNINITIALIZED_AUTOS = YES_AGGRESSIVE;
				GCC_WARN_UNUSED_FUNCTION = YES;
				GCC_WARN_UNUSED_VARIABLE = YES;
				IPHONEOS_DEPLOYMENT_TARGET = 9.3;
				MTL_ENABLE_DEBUG_INFO = NO;
				SDKROOT = iphoneos;
				TARGETED_DEVICE_FAMILY = "1,2";
				VALIDATE_PRODUCT = YES;
			};
			name = Release;
		};
		2C6B948D1D7A1B1400B8E0E0 /* Debug */ = {
			isa = XCBuildConfiguration;
			baseConfigurationReference = 6621676838C51202E2D189B7 /* Pods-ZaragozaBusInfo.debug.xcconfig */;
			buildSettings = {
				ASSETCATALOG_COMPILER_APPICON_NAME = AppIcon;
				INFOPLIST_FILE = ZaragozaBusInfo/Info.plist;
				LD_RUNPATH_SEARCH_PATHS = "$(inherited) @executable_path/Frameworks";
				PRODUCT_BUNDLE_IDENTIFIER = de.conichi.example.ZaragozaBusInfo;
				PRODUCT_NAME = "$(TARGET_NAME)";
			};
			name = Debug;
		};
		2C6B948E1D7A1B1400B8E0E0 /* Release */ = {
			isa = XCBuildConfiguration;
			baseConfigurationReference = 47922DDC72EAAEB877D1F708 /* Pods-ZaragozaBusInfo.release.xcconfig */;
			buildSettings = {
				ASSETCATALOG_COMPILER_APPICON_NAME = AppIcon;
				INFOPLIST_FILE = ZaragozaBusInfo/Info.plist;
				LD_RUNPATH_SEARCH_PATHS = "$(inherited) @executable_path/Frameworks";
				PRODUCT_BUNDLE_IDENTIFIER = de.conichi.example.ZaragozaBusInfo;
				PRODUCT_NAME = "$(TARGET_NAME)";
			};
			name = Release;
		};
		2C6B94901D7A1B1400B8E0E0 /* Debug */ = {
			isa = XCBuildConfiguration;
			baseConfigurationReference = 34DED598B777BE21720F26A4 /* Pods-ZaragozaBusInfoTests.debug.xcconfig */;
			buildSettings = {
				BUNDLE_LOADER = "$(TEST_HOST)";
				INFOPLIST_FILE = ZaragozaBusInfoTests/Info.plist;
				LD_RUNPATH_SEARCH_PATHS = "$(inherited) @executable_path/Frameworks @loader_path/Frameworks";
				PRODUCT_BUNDLE_IDENTIFIER = de.conichi.example.ZaragozaBusInfoTests;
				PRODUCT_NAME = "$(TARGET_NAME)";
				TEST_HOST = "$(BUILT_PRODUCTS_DIR)/ZaragozaBusInfo.app/ZaragozaBusInfo";
			};
			name = Debug;
		};
		2C6B94911D7A1B1400B8E0E0 /* Release */ = {
			isa = XCBuildConfiguration;
			baseConfigurationReference = CF6B4833A535AB25C205D1FB /* Pods-ZaragozaBusInfoTests.release.xcconfig */;
			buildSettings = {
				BUNDLE_LOADER = "$(TEST_HOST)";
				INFOPLIST_FILE = ZaragozaBusInfoTests/Info.plist;
				LD_RUNPATH_SEARCH_PATHS = "$(inherited) @executable_path/Frameworks @loader_path/Frameworks";
				PRODUCT_BUNDLE_IDENTIFIER = de.conichi.example.ZaragozaBusInfoTests;
				PRODUCT_NAME = "$(TARGET_NAME)";
				TEST_HOST = "$(BUILT_PRODUCTS_DIR)/ZaragozaBusInfo.app/ZaragozaBusInfo";
			};
			name = Release;
		};
/* End XCBuildConfiguration section */

/* Begin XCConfigurationList section */
		2C6B946A1D7A1B1400B8E0E0 /* Build configuration list for PBXProject "ZaragozaBusInfo" */ = {
			isa = XCConfigurationList;
			buildConfigurations = (
				2C6B948A1D7A1B1400B8E0E0 /* Debug */,
				2C6B948B1D7A1B1400B8E0E0 /* Release */,
			);
			defaultConfigurationIsVisible = 0;
			defaultConfigurationName = Release;
		};
		2C6B948C1D7A1B1400B8E0E0 /* Build configuration list for PBXNativeTarget "ZaragozaBusInfo" */ = {
			isa = XCConfigurationList;
			buildConfigurations = (
				2C6B948D1D7A1B1400B8E0E0 /* Debug */,
				2C6B948E1D7A1B1400B8E0E0 /* Release */,
			);
			defaultConfigurationIsVisible = 0;
			defaultConfigurationName = Release;
		};
		2C6B948F1D7A1B1400B8E0E0 /* Build configuration list for PBXNativeTarget "ZaragozaBusInfoTests" */ = {
			isa = XCConfigurationList;
			buildConfigurations = (
				2C6B94901D7A1B1400B8E0E0 /* Debug */,
				2C6B94911D7A1B1400B8E0E0 /* Release */,
			);
			defaultConfigurationIsVisible = 0;
			defaultConfigurationName = Release;
		};
/* End XCConfigurationList section */
	};
	rootObject = 2C6B94671D7A1B1400B8E0E0 /* Project object */;
}
